# This file is autogenerated, do not edit; changes may be undone by the next 'dep ensure'.


[[projects]]
  branch = "master"
  name = "github.com/acomagu/chatroom-go"
  packages = ["chatroom"]
  revision = "217a05dfd98d791012a0f2d793f572bf2528345f"

[[projects]]
  name = "github.com/gorilla/websocket"
  packages = ["."]
  revision = "ea4d1f681babbce9545c9c5f3d5194a789c89f5b"
  version = "v1.2.0"

[[projects]]
  name = "github.com/nlopes/slack"
  packages = ["."]
  revision = "8ab4d0b364ef1e9af5d102531da20d5ec902b6c4"
  version = "v0.2.0"

[solve-meta]
  analyzer-name = "dep"
  analyzer-version = 1
  inputs-digest = "c203e825514eb5ff33da85683cfa20d52a418498d2b8781b0067ad69803ce851"
  solver-name = "gps-cdcl"
  solver-version = 1
